
Microsoft Visual Studio Solution File, Format Version 12.00
# Visual Studio 14
VisualStudioVersion = 14.0.25420.1
MinimumVisualStudioVersion = 10.0.40219.1
Project("{FAE04EC0-301F-11D3-BF4B-00C04F79EFBC}") = "111_2_01. Special Numbers", "111_2_01. Special Numbers\111_2_01. Special Numbers.csproj", "{AB8F1480-F711-4DC3-A9C0-F9160B8E94D4}"
EndProject
Project("{FAE04EC0-301F-11D3-BF4B-00C04F79EFBC}") = "111_2_02. Triples of Latin Letters", "111_2_02. Triples of Latin Letters\111_2_02. Triples of Latin Letters.csproj", "{D7D7D91B-DBF2-4562-AEB7-E4C2DA3A63CF}"
EndProject
Project("{FAE04EC0-301F-11D3-BF4B-00C04F79EFBC}") = "111_2_03. Greeting", "111_2_03. Greeting\111_2_03. Greeting.csproj", "{C19FC0E8-B479-43F7-84D9-A0FA3C53769A}"
EndProject
Project("{FAE04EC0-301F-11D3-BF4B-00C04F79EFBC}") = "111_2_04. Refactor Volume of Pyramid", "111_2_04. Refactor Volume of Pyramid\111_2_04. Refactor Volume of Pyramid.csproj", "{87563F20-B401-4D98-BE72-EDC5BD690B0B}"
EndProject
Project("{FAE04EC0-301F-11D3-BF4B-00C04F79EFBC}") = "111_2_05. Refactor Special Numbers", "111_2_05. Refactor Special Numbers\111_2_05. Refactor Special Numbers.csproj", "{AD63095C-599B-4AE1-8862-F192B952DE75}"
EndProject
Global
	GlobalSection(SolutionConfigurationPlatforms) = preSolution
		Debug|Any CPU = Debug|Any CPU
		Release|Any CPU = Release|Any CPU
	EndGlobalSection
	GlobalSection(ProjectConfigurationPlatforms) = postSolution
		{AB8F1480-F711-4DC3-A9C0-F9160B8E94D4}.Debug|Any CPU.ActiveCfg = Debug|Any CPU
		{AB8F1480-F711-4DC3-A9C0-F9160B8E94D4}.Debug|Any CPU.Build.0 = Debug|Any CPU
		{AB8F1480-F711-4DC3-A9C0-F9160B8E94D4}.Release|Any CPU.ActiveCfg = Release|Any CPU
		{AB8F1480-F711-4DC3-A9C0-F9160B8E94D4}.Release|Any CPU.Build.0 = Release|Any CPU
		{D7D7D91B-DBF2-4562-AEB7-E4C2DA3A63CF}.Debug|Any CPU.ActiveCfg = Debug|Any CPU
		{D7D7D91B-DBF2-4562-AEB7-E4C2DA3A63CF}.Debug|Any CPU.Build.0 = Debug|Any CPU
		{D7D7D91B-DBF2-4562-AEB7-E4C2DA3A63CF}.Release|Any CPU.ActiveCfg = Release|Any CPU
		{D7D7D91B-DBF2-4562-AEB7-E4C2DA3A63CF}.Release|Any CPU.Build.0 = Release|Any CPU
		{C19FC0E8-B479-43F7-84D9-A0FA3C53769A}.Debug|Any CPU.ActiveCfg = Debug|Any CPU
		{C19FC0E8-B479-43F7-84D9-A0FA3C53769A}.Debug|Any CPU.Build.0 = Debug|Any CPU
		{C19FC0E8-B479-43F7-84D9-A0FA3C53769A}.Release|Any CPU.ActiveCfg = Release|Any CPU
		{C19FC0E8-B479-43F7-84D9-A0FA3C53769A}.Release|Any CPU.Build.0 = Release|Any CPU
		{87563F20-B401-4D98-BE72-EDC5BD690B0B}.Debug|Any CPU.ActiveCfg = Debug|Any CPU
		{87563F20-B401-4D98-BE72-EDC5BD690B0B}.Debug|Any CPU.Build.0 = Debug|Any CPU
		{87563F20-B401-4D98-BE72-EDC5BD690B0B}.Release|Any CPU.ActiveCfg = Release|Any CPU
		{87563F20-B401-4D98-BE72-EDC5BD690B0B}.Release|Any CPU.Build.0 = Release|Any CPU
		{AD63095C-599B-4AE1-8862-F192B952DE75}.Debug|Any CPU.ActiveCfg = Debug|Any CPU
		{AD63095C-599B-4AE1-8862-F192B952DE75}.Debug|Any CPU.Build.0 = Debug|Any CPU
		{AD63095C-599B-4AE1-8862-F192B952DE75}.Release|Any CPU.ActiveCfg = Release|Any CPU
		{AD63095C-599B-4AE1-8862-F192B952DE75}.Release|Any CPU.Build.0 = Release|Any CPU
	EndGlobalSection
	GlobalSection(SolutionProperties) = preSolution
		HideSolutionNode = FALSE
	EndGlobalSection
EndGlobal
